schema: '2.0'
stages:
  preprocess:
    cmd: python src/data/make_dataset.py
    deps:
    - path: aml_prediction/dataset.py
      hash: md5
      md5: 5580d628d69dfb46580c197cb9da87c1
      size: 2064
    - path: data/raw/salary.csv
      hash: md5
      md5: e853f1235e4396489eb58e2a4cf38556
      size: 3844217
    - path: src/data/make_dataset.py
      hash: md5
      md5: ae59238f7dd716666b32c5660aa126d2
      size: 833
    outs:
    - path: data/processed/clean_salary.csv
      hash: md5
      md5: 795c7b271be616422245931dbf1f8cba
      size: 3544261
  train:
    cmd: python src/models/train_model.py
    deps:
    - path: aml_prediction/features.py
      hash: md5
      md5: 8c14948873ae87b7e62f2ec1e420085e
      size: 1418
    - path: data/processed/clean_salary.csv
      hash: md5
      md5: 795c7b271be616422245931dbf1f8cba
      size: 3544261
    - path: src/models/train_model.py
      hash: md5
      md5: e258cf8dd32543c9b70442c2a1a74d5f
      size: 5455
    params:
      params.yaml:
        prepare.random_state: 50
        prepare.split_ratio: 0.2
        train.max_depth: 12
        train.n_estimators: 200
        train.target_col: salary
    outs:
    - path: metrics/eval.json
      hash: md5
      md5: 160af56383ad1b40d820cd09f49e2764
      size: 148
    - path: metrics/plots.csv
      hash: md5
      md5: 940d71ae06dd547a2127d42fd275eccc
      size: 32558
    - path: models/modelo_salary_rf.pkl
      hash: md5
      md5: 57c940a293b98d4c0e903f9c2eb93c3b
      size: 16264953
    - path: models/preprocessor.pkl
      hash: md5
      md5: 83932824e62faaca032c901ffe720de1
      size: 6464
