schema: '2.0'
stages:
  preprocess:
    cmd: python -m src.stages.preprocess
    deps:
    - path: data/raw/salary.csv
      hash: md5
      md5: e853f1235e4396489eb58e2a4cf38556
      size: 3844217
    - path: src/data/dataLoader.py
      hash: md5
      md5: 24b0bd93f55c01e3a955fb55f1ff8be0
      size: 523
    - path: src/features/salaryPreprocessor.py
      hash: md5
      md5: c0c7e857587719fe15d77aaf15ac1aea
      size: 2856
    params:
      params.yaml:
        preprocessing.random_state: 42
        preprocessing.test_size: 0.3
    outs:
    - path: data/processed/X_test_processed.csv
      hash: md5
      md5: 3041856a10e9c0225a595ebd4bec857f
      size: 5176488
    - path: data/processed/X_train_processed.csv
      hash: md5
      md5: 9b843541febd8b120a8a15fee362c746
      size: 12074572
    - path: data/processed/y_test.csv
      hash: md5
      md5: 16da560177b38d9f1240a5487f3a54d3
      size: 75808
    - path: data/processed/y_train.csv
      hash: md5
      md5: 00292a6e14043c48b5725d0e7bad32c5
      size: 176855
    - path: models/preprocessor.pkl
      hash: md5
      md5: eb1ca53834982d26a3edf528a4ac5886
      size: 6716
  train_logreg:
    cmd: python -m src.stages.train_logreg
    deps:
    - path: data/processed/X_train_processed.csv
      hash: md5
      md5: 9b843541febd8b120a8a15fee362c746
      size: 12074572
    - path: data/processed/y_train.csv
      hash: md5
      md5: 00292a6e14043c48b5725d0e7bad32c5
      size: 176855
    - path: src/models/logisticRegressionModel.py
      hash: md5
      md5: a7fc8e648aae559cb91876a8b4f3ef82
      size: 905
    outs:
    - path: models/logreg_model.pkl
      hash: md5
      md5: 027acbe60b7197fdeed5af02224c53e3
      size: 4835
  train_rf:
    cmd: python -m src.stages.train_rf
    deps:
    - path: data/processed/X_train_processed.csv
      hash: md5
      md5: 9b843541febd8b120a8a15fee362c746
      size: 12074572
    - path: data/processed/y_train.csv
      hash: md5
      md5: 00292a6e14043c48b5725d0e7bad32c5
      size: 176855
    - path: src/models/randomForestModel.py
      hash: md5
      md5: 993e1309c6ba467585da39375c247228
      size: 895
    outs:
    - path: models/rf_model.pkl
      hash: md5
      md5: ea4b84ef5ccdf9c15d84da916b8cef36
      size: 14298653
  train_nn:
    cmd: python -m src.stages.train_nn
    deps:
    - path: data/processed/X_train_processed.csv
      hash: md5
      md5: 9b843541febd8b120a8a15fee362c746
      size: 12074572
    - path: data/processed/y_train.csv
      hash: md5
      md5: 00292a6e14043c48b5725d0e7bad32c5
      size: 176855
    - path: src/models/neuralNetworkModel.py
      hash: md5
      md5: 6c7f279dbb40b2dc2d79cffb6d5f57cb
      size: 1648
    params:
      params.yaml:
        neural_network.batch_size: 128
        neural_network.epochs: 100
    outs:
    - path: models/neural_network_model.keras
      hash: md5
      md5: 0a54d15d3270e45183b89d109c0ec559
      size: 139461
  evaluate:
    cmd: python -m src.stages.evaluate
    deps:
    - path: data/processed/X_test_processed.csv
      hash: md5
      md5: 3041856a10e9c0225a595ebd4bec857f
      size: 5176488
    - path: data/processed/y_test.csv
      hash: md5
      md5: 16da560177b38d9f1240a5487f3a54d3
      size: 75808
    - path: models/logreg_model.pkl
      hash: md5
      md5: 027acbe60b7197fdeed5af02224c53e3
      size: 4835
    - path: models/neural_network_model.keras
      hash: md5
      md5: 0a54d15d3270e45183b89d109c0ec559
      size: 139461
    - path: models/rf_model.pkl
      hash: md5
      md5: ea4b84ef5ccdf9c15d84da916b8cef36
      size: 14298653
    - path: src/models/modelEvaluator.py
      hash: md5
      md5: 4e27e52e3bc62d1a405cdf0c87aaac5d
      size: 1582
    outs:
    - path: reports/figures
      hash: md5
      md5: d751713988987e9331980363e24189ce.dir
      size: 0
      nfiles: 0
    - path: reports/metrics.json
      hash: md5
      md5: 598dba4061f947c89b0fbb9a7f43c9a2
      size: 603
  tune_rf:
    cmd: python -m src.stages.tune_rf
    deps:
    - path: data/processed/X_train_processed.csv
      hash: md5
      md5: 9b843541febd8b120a8a15fee362c746
      size: 12074572
    - path: data/processed/y_train.csv
      hash: md5
      md5: 00292a6e14043c48b5725d0e7bad32c5
      size: 176855
    - path: src/models/randomForestTuner.py
      hash: md5
      md5: a4426079e1ac4ec660c217486241ad2e
      size: 1768
    params:
      params.yaml:
        tuner.cv_folds: 5
        tuner.n_iter: 50
    outs:
    - path: models/random_forest_tuned.pkl
      hash: md5
      md5: d1afce90d7c727e45c369064595ab0bd
      size: 25680537
    - path: models/random_search_rf.pkl
      hash: md5
      md5: 0837029c226fdc904074708f6505babf
      size: 25696927
